
Microsoft Visual Studio Solution File, Format Version 12.00
# Visual Studio Version 16
VisualStudioVersion = 16.0.29020.237
MinimumVisualStudioVersion = 10.0.40219.1
Project("{FAE04EC0-301F-11D3-BF4B-00C04F79EFBC}") = "Args", "Args\Args.csproj", "{5EB4DA39-09B3-4A11-9F81-4D32A04482B4}"
EndProject
Project("{FAE04EC0-301F-11D3-BF4B-00C04F79EFBC}") = "ArgsTest", "ArgsTest\ArgsTest.csproj", "{BFEF354E-7C12-42EB-B3AC-1F68B1848B4D}"
EndProject
Global
	GlobalSection(SolutionConfigurationPlatforms) = preSolution
		Debug|Any CPU = Debug|Any CPU
		Release|Any CPU = Release|Any CPU
	EndGlobalSection
	GlobalSection(ProjectConfigurationPlatforms) = postSolution
		{5EB4DA39-09B3-4A11-9F81-4D32A04482B4}.Debug|Any CPU.ActiveCfg = Debug|Any CPU
		{5EB4DA39-09B3-4A11-9F81-4D32A04482B4}.Debug|Any CPU.Build.0 = Debug|Any CPU
		{5EB4DA39-09B3-4A11-9F81-4D32A04482B4}.Release|Any CPU.ActiveCfg = Release|Any CPU
		{5EB4DA39-09B3-4A11-9F81-4D32A04482B4}.Release|Any CPU.Build.0 = Release|Any CPU
		{BFEF354E-7C12-42EB-B3AC-1F68B1848B4D}.Debug|Any CPU.ActiveCfg = Debug|Any CPU
		{BFEF354E-7C12-42EB-B3AC-1F68B1848B4D}.Debug|Any CPU.Build.0 = Debug|Any CPU
		{BFEF354E-7C12-42EB-B3AC-1F68B1848B4D}.Release|Any CPU.ActiveCfg = Release|Any CPU
		{BFEF354E-7C12-42EB-B3AC-1F68B1848B4D}.Release|Any CPU.Build.0 = Release|Any CPU
	EndGlobalSection
	GlobalSection(SolutionProperties) = preSolution
		HideSolutionNode = FALSE
	EndGlobalSection
	GlobalSection(ExtensibilityGlobals) = postSolution
		SolutionGuid = {63412D43-247D-42A9-BC4D-C86CD2102107}
	EndGlobalSection
EndGlobal
